
Microsoft Visual Studio Solution File, Format Version 12.00
# Visual Studio 15
VisualStudioVersion = 15.0.28307.852
MinimumVisualStudioVersion = 10.0.40219.1
Project("{8BC9CEB8-8B4A-11D0-8D11-00A0C91BC942}") = "school", "school\school.vcxproj", "{D6F9E4C0-3823-41E0-8287-51F477732C66}"
EndProject
Global
	GlobalSection(SolutionConfigurationPlatforms) = preSolution
		Debug|x64 = Debug|x64
		Debug|x86 = Debug|x86
		Release|x64 = Release|x64
		Release|x86 = Release|x86
	EndGlobalSection
	GlobalSection(ProjectConfigurationPlatforms) = postSolution
		{D6F9E4C0-3823-41E0-8287-51F477732C66}.Debug|x64.ActiveCfg = Debug|x64
		{D6F9E4C0-3823-41E0-8287-51F477732C66}.Debug|x64.Build.0 = Debug|x64
		{D6F9E4C0-3823-41E0-8287-51F477732C66}.Debug|x86.ActiveCfg = Debug|Win32
		{D6F9E4C0-3823-41E0-8287-51F477732C66}.Debug|x86.Build.0 = Debug|Win32
		{D6F9E4C0-3823-41E0-8287-51F477732C66}.Release|x64.ActiveCfg = Release|x64
		{D6F9E4C0-3823-41E0-8287-51F477732C66}.Release|x64.Build.0 = Release|x64
		{D6F9E4C0-3823-41E0-8287-51F477732C66}.Release|x86.ActiveCfg = Release|Win32
		{D6F9E4C0-3823-41E0-8287-51F477732C66}.Release|x86.Build.0 = Release|Win32
	EndGlobalSection
	GlobalSection(SolutionProperties) = preSolution
		HideSolutionNode = FALSE
	EndGlobalSection
	GlobalSection(ExtensibilityGlobals) = postSolution
		SolutionGuid = {EE4F7A75-170A-4773-9E82-9A2344DD5142}
	EndGlobalSection
EndGlobal
